# auto-generated by grc.converter

id: drm_partitioning_64sm_bb
label: DRM Partitioning 64-QAM SM EEP
category: '[DRM]'

parameters:
-   id: vlen_in
    label: Input vector length
    dtype: int
    hide: part
-   id: vlen_out
    label: Output vector lengths
    dtype: raw
    hide: part
-   id: vlen1
    label: Length of topmost output
    dtype: int
    hide: part
-   id: vlen2
    label: Length of second output
    dtype: int
    hide: part
-   id: vlen3
    label: Length of third output
    dtype: int
    hide: part

inputs:
-   domain: stream
    dtype: byte

outputs:
-   label: out1
    domain: stream
    dtype: byte
-   label: out2
    domain: stream
    dtype: byte
-   label: out3
    domain: stream
    dtype: byte

templates:
    imports: import drm
    make: drm.partitioning_bb(${vlen_in}, ${vlen_out})

file_format: 1
