# auto-generated by grc.converter

id: drm_audio_encoder_sb
label: Audio Encoder
category: '[DRM]'

parameters:
-   id: tp
    label: Transmit Parameters
    dtype: raw
    hide: part
-   id: len_out
    label: Output Vector Length
    dtype: int
    hide: part

inputs:
-   domain: stream
    dtype: float

outputs:
-   domain: stream
    dtype: byte

templates:
    imports: import drm
    make: drm.audio_encoder_sb(${tp})

file_format: 1
