# auto-generated by grc.converter

id: drm_qam_map_bc
label: DRM QAM Mapping
category: '[DRM]'

parameters:
-   id: map_table
    label: Mapping table
    dtype: raw
    hide: part
-   id: bits_per_symbol
    label: Bits per symbol
    dtype: int
-   id: vlen_out
    label: Output vector length
    dtype: int
    hide: part
-   id: n_inputs
    label: Input ports
    dtype: int
    hide: part

inputs:
-   domain: stream
    dtype: byte
    multiplicity: ${ n_inputs }

outputs:
-   domain: stream
    dtype: complex

templates:
    imports: import drm
    make: drm.qam_map_bc(${map_table}, ${bits_per_symbol}, ${vlen_out}, ${n_inputs})

file_format: 1
